
Microsoft Visual Studio Solution File, Format Version 12.00
# Visual Studio Version 16
VisualStudioVersion = 16.0.31005.135
MinimumVisualStudioVersion = 10.0.40219.1
Project("{FAE04EC0-301F-11D3-BF4B-00C04F79EFBC}") = "Optimum", "Optimum\Optimum.csproj", "{AAD09717-E48F-4065-B9CA-B3ED16372054}"
EndProject
Global
	GlobalSection(SolutionConfigurationPlatforms) = preSolution
		Debug|Any CPU = Debug|Any CPU
		Release|Any CPU = Release|Any CPU
	EndGlobalSection
	GlobalSection(ProjectConfigurationPlatforms) = postSolution
		{AAD09717-E48F-4065-B9CA-B3ED16372054}.Debug|Any CPU.ActiveCfg = Debug|Any CPU
		{AAD09717-E48F-4065-B9CA-B3ED16372054}.Debug|Any CPU.Build.0 = Debug|Any CPU
		{AAD09717-E48F-4065-B9CA-B3ED16372054}.Release|Any CPU.ActiveCfg = Release|Any CPU
		{AAD09717-E48F-4065-B9CA-B3ED16372054}.Release|Any CPU.Build.0 = Release|Any CPU
	EndGlobalSection
	GlobalSection(SolutionProperties) = preSolution
		HideSolutionNode = FALSE
	EndGlobalSection
	GlobalSection(ExtensibilityGlobals) = postSolution
		SolutionGuid = {5B208263-49D1-4602-B5FE-73A6137E56F6}
	EndGlobalSection
EndGlobal
